DEPENDENCIES
  singularity
    git: git://github.com/HubSpot/cookbook-singularity.git
    revision: 0fea08bb4c9a07077d2e3fcc411f4f773dd62428

GRAPH
  apt (2.4.0)
  aws (2.3.0)
  build-essential (2.0.4)
  chef-sugar (2.0.0)
  database (2.2.0)
    aws (>= 0.0.0)
    mysql (>= 5.0.0)
    mysql-chef_gem (>= 0.0.0)
    postgresql (>= 1.0.0)
    xfs (>= 0.0.0)
  hostsfile (2.4.5)
  mysql (5.3.6)
    yum-mysql-community (>= 0.0.0)
  mysql-chef_gem (0.0.2)
    build-essential (>= 0.0.0)
    mysql (>= 0.0.0)
  openssl (2.0.0)
    chef-sugar (>= 0.0.0)
  postgresql (3.4.1)
    apt (>= 1.9.0)
    build-essential (>= 0.0.0)
    openssl (>= 0.0.0)
  singularity (0.2.1)
    apt (>= 0.0.0)
    database (>= 0.0.0)
    hostsfile (>= 0.0.0)
    mysql (>= 0.0.0)
  xfs (1.1.0)
  yum (3.2.2)
  yum-mysql-community (0.1.10)
    yum (>= 3.0)
