DEPENDENCIES
  singularity
    git: git://github.com/HubSpot/cookbook-singularity.git
    revision: ece4a000e725932c0e5b09078e643cd85de4f36d
    ref: install

GRAPH
  apt (2.5.1)
  aws (2.4.0)
  build-essential (2.0.6)
  chef-sugar (2.0.0)
  database (2.3.0)
    aws (>= 0.0.0)
    mysql (>= 5.0.0)
    mysql-chef_gem (>= 0.0.0)
    postgresql (>= 1.0.0)
    xfs (>= 0.0.0)
  hostsfile (2.4.5)
  java (1.25.0)
  mysql (5.3.6)
    yum-mysql-community (>= 0.0.0)
  mysql-chef_gem (0.0.2)
    build-essential (>= 0.0.0)
    mysql (>= 0.0.0)
  openssl (2.0.0)
    chef-sugar (>= 0.0.0)
  postgresql (3.4.1)
    apt (>= 1.9.0)
    build-essential (>= 0.0.0)
    openssl (>= 0.0.0)
  singularity (0.3.8)
    apt (>= 0.0.0)
    database (>= 0.0.0)
    hostsfile (>= 0.0.0)
    java (>= 0.0.0)
    mysql (>= 0.0.0)
  xfs (1.1.0)
  yum (3.2.2)
  yum-mysql-community (0.1.10)
    yum (>= 3.0)
